
Microsoft Visual Studio Solution File, Format Version 12.00
# Visual Studio 14
VisualStudioVersion = 14.0.25420.1
MinimumVisualStudioVersion = 10.0.40219.1
Project("{2150E333-8FDC-42A3-9474-1A3956D46DE8}") = "Excercise1", "Excercise1", "{8CBA86D8-3F96-45B4-B0F3-5F2DB8541C39}"
EndProject
Project("{FAE04EC0-301F-11D3-BF4B-00C04F79EFBC}") = "ValidationEngine", "ValidationEngine\ValidationEngine.csproj", "{4594DF09-E627-41F5-A84C-92173D60231B}"
EndProject
Project("{FAE04EC0-301F-11D3-BF4B-00C04F79EFBC}") = "ValidationEngineTests", "ValidationEngineTests\ValidationEngineTests.csproj", "{1B6F1925-CFBB-4DC6-BDB5-D997BE33CF23}"
EndProject
Project("{2150E333-8FDC-42A3-9474-1A3956D46DE8}") = "Labs", "Labs", "{7AE0CB18-357B-4646-908A-DC6F3E529CBE}"
EndProject
Project("{FAE04EC0-301F-11D3-BF4B-00C04F79EFBC}") = "Bank", "Bank\Bank.csproj", "{FD6C4204-3AF7-4D93-BEAD-719512FDCBEA}"
EndProject
Project("{FAE04EC0-301F-11D3-BF4B-00C04F79EFBC}") = "Bank.Tests", "Bank.Tests\Bank.Tests.csproj", "{407C93E8-5FB7-4D78-B76C-BFD14DD19922}"
EndProject
Project("{2150E333-8FDC-42A3-9474-1A3956D46DE8}") = "Day1", "Day1", "{34EC1EBE-E256-484A-AB57-FD23C0BFBCD6}"
EndProject
Project("{2150E333-8FDC-42A3-9474-1A3956D46DE8}") = "Day2", "Day2", "{E72ABA81-75AC-49CC-BD90-E4DE25A3E6C2}"
EndProject
Project("{FAE04EC0-301F-11D3-BF4B-00C04F79EFBC}") = "EmployeeRegistry", "EmployeeRegistry\EmployeeRegistry.csproj", "{2D34E99F-C4AF-4B51-AD88-CD315E28D88C}"
EndProject
Project("{FAE04EC0-301F-11D3-BF4B-00C04F79EFBC}") = "EmployeeRegistry.Tests", "EmployeeRegistry.Tests\EmployeeRegistry.Tests.csproj", "{3BA41F57-E516-4706-9B78-86D31CD653B8}"
EndProject
Project("{2150E333-8FDC-42A3-9474-1A3956D46DE8}") = "Excercise2", "Excercise2", "{92811CEA-1BB2-46C8-8513-FD446C57DAF7}"
EndProject
Project("{FAE04EC0-301F-11D3-BF4B-00C04F79EFBC}") = "TravelAgency", "TravelAgency\TravelAgency.csproj", "{1F262764-9806-497D-B1EB-D9B4F418C291}"
EndProject
Project("{FAE04EC0-301F-11D3-BF4B-00C04F79EFBC}") = "TravelAgency.Tests", "TravelAgency.Tests\TravelAgency.Tests.csproj", "{72D0FC9E-2A06-47D7-BB3C-B581B10D892C}"
EndProject
Project("{2150E333-8FDC-42A3-9474-1A3956D46DE8}") = "Excercise3", "Excercise3", "{B681A56A-7DD2-4F5A-A206-E8BBB49A1E38}"
EndProject
Project("{FAE04EC0-301F-11D3-BF4B-00C04F79EFBC}") = "StringCalculator", "StringCalculator\StringCalculator.csproj", "{7D5A5DF7-8D84-428D-BAA0-D3ED5A575078}"
EndProject
Project("{FAE04EC0-301F-11D3-BF4B-00C04F79EFBC}") = "StringCalculator.Tests", "StringCalculator.Tests\StringCalculator.Tests.csproj", "{E0F3881E-FE6A-45FB-AC70-C882EC3913A9}"
EndProject
Project("{2150E333-8FDC-42A3-9474-1A3956D46DE8}") = "Day4", "Day4", "{F91ED9EB-4827-46ED-986D-41F30681EACC}"
EndProject
Project("{FAE04EC0-301F-11D3-BF4B-00C04F79EFBC}") = "Delegates", "Delegates\Delegates.csproj", "{9EF2819B-7FBE-41AD-9C4F-1D9285E9E3CB}"
EndProject
Project("{2150E333-8FDC-42A3-9474-1A3956D46DE8}") = "Excercise4", "Excercise4", "{4FA7DE48-D16F-4ABD-B919-11C5638F26E4}"
EndProject
Project("{FAE04EC0-301F-11D3-BF4B-00C04F79EFBC}") = "TravelAgency2", "TravelAgency2\TravelAgency2.csproj", "{ED3B3748-D022-4FB4-9F26-55C7464188DA}"
EndProject
Project("{FAE04EC0-301F-11D3-BF4B-00C04F79EFBC}") = "TravelAgency2.Tests", "TravelAgency2.Tests\TravelAgency2.Tests.csproj", "{970AE748-99AC-49E3-B63B-63D9F96CB8AB}"
EndProject
Project("{2150E333-8FDC-42A3-9474-1A3956D46DE8}") = "Excercise5", "Excercise5", "{12F8488C-D344-4C56-9869-AC035401696E}"
EndProject
Project("{FAE04EC0-301F-11D3-BF4B-00C04F79EFBC}") = "NSubExcercise", "NSubExcercise\NSubExcercise.csproj", "{0705E5CF-A8E8-4276-AA51-16ACE227AE1C}"
EndProject
Project("{FAE04EC0-301F-11D3-BF4B-00C04F79EFBC}") = "NSubExcercise.Tests", "NSubExcercise.Tests\NSubExcercise.Tests.csproj", "{E397D117-0BCA-49C3-8359-4C4D38ACB0EC}"
EndProject
Global
	GlobalSection(SolutionConfigurationPlatforms) = preSolution
		Debug|Any CPU = Debug|Any CPU
		Release|Any CPU = Release|Any CPU
	EndGlobalSection
	GlobalSection(ProjectConfigurationPlatforms) = postSolution
		{4594DF09-E627-41F5-A84C-92173D60231B}.Debug|Any CPU.ActiveCfg = Debug|Any CPU
		{4594DF09-E627-41F5-A84C-92173D60231B}.Debug|Any CPU.Build.0 = Debug|Any CPU
		{4594DF09-E627-41F5-A84C-92173D60231B}.Release|Any CPU.ActiveCfg = Release|Any CPU
		{4594DF09-E627-41F5-A84C-92173D60231B}.Release|Any CPU.Build.0 = Release|Any CPU
		{1B6F1925-CFBB-4DC6-BDB5-D997BE33CF23}.Debug|Any CPU.ActiveCfg = Debug|Any CPU
		{1B6F1925-CFBB-4DC6-BDB5-D997BE33CF23}.Debug|Any CPU.Build.0 = Debug|Any CPU
		{1B6F1925-CFBB-4DC6-BDB5-D997BE33CF23}.Release|Any CPU.ActiveCfg = Release|Any CPU
		{1B6F1925-CFBB-4DC6-BDB5-D997BE33CF23}.Release|Any CPU.Build.0 = Release|Any CPU
		{FD6C4204-3AF7-4D93-BEAD-719512FDCBEA}.Debug|Any CPU.ActiveCfg = Debug|Any CPU
		{FD6C4204-3AF7-4D93-BEAD-719512FDCBEA}.Debug|Any CPU.Build.0 = Debug|Any CPU
		{FD6C4204-3AF7-4D93-BEAD-719512FDCBEA}.Release|Any CPU.ActiveCfg = Release|Any CPU
		{FD6C4204-3AF7-4D93-BEAD-719512FDCBEA}.Release|Any CPU.Build.0 = Release|Any CPU
		{407C93E8-5FB7-4D78-B76C-BFD14DD19922}.Debug|Any CPU.ActiveCfg = Debug|Any CPU
		{407C93E8-5FB7-4D78-B76C-BFD14DD19922}.Debug|Any CPU.Build.0 = Debug|Any CPU
		{407C93E8-5FB7-4D78-B76C-BFD14DD19922}.Release|Any CPU.ActiveCfg = Release|Any CPU
		{407C93E8-5FB7-4D78-B76C-BFD14DD19922}.Release|Any CPU.Build.0 = Release|Any CPU
		{2D34E99F-C4AF-4B51-AD88-CD315E28D88C}.Debug|Any CPU.ActiveCfg = Debug|Any CPU
		{2D34E99F-C4AF-4B51-AD88-CD315E28D88C}.Debug|Any CPU.Build.0 = Debug|Any CPU
		{2D34E99F-C4AF-4B51-AD88-CD315E28D88C}.Release|Any CPU.ActiveCfg = Release|Any CPU
		{2D34E99F-C4AF-4B51-AD88-CD315E28D88C}.Release|Any CPU.Build.0 = Release|Any CPU
		{3BA41F57-E516-4706-9B78-86D31CD653B8}.Debug|Any CPU.ActiveCfg = Debug|Any CPU
		{3BA41F57-E516-4706-9B78-86D31CD653B8}.Debug|Any CPU.Build.0 = Debug|Any CPU
		{3BA41F57-E516-4706-9B78-86D31CD653B8}.Release|Any CPU.ActiveCfg = Release|Any CPU
		{3BA41F57-E516-4706-9B78-86D31CD653B8}.Release|Any CPU.Build.0 = Release|Any CPU
		{1F262764-9806-497D-B1EB-D9B4F418C291}.Debug|Any CPU.ActiveCfg = Debug|Any CPU
		{1F262764-9806-497D-B1EB-D9B4F418C291}.Debug|Any CPU.Build.0 = Debug|Any CPU
		{1F262764-9806-497D-B1EB-D9B4F418C291}.Release|Any CPU.ActiveCfg = Release|Any CPU
		{1F262764-9806-497D-B1EB-D9B4F418C291}.Release|Any CPU.Build.0 = Release|Any CPU
		{72D0FC9E-2A06-47D7-BB3C-B581B10D892C}.Debug|Any CPU.ActiveCfg = Debug|Any CPU
		{72D0FC9E-2A06-47D7-BB3C-B581B10D892C}.Debug|Any CPU.Build.0 = Debug|Any CPU
		{72D0FC9E-2A06-47D7-BB3C-B581B10D892C}.Release|Any CPU.ActiveCfg = Release|Any CPU
		{72D0FC9E-2A06-47D7-BB3C-B581B10D892C}.Release|Any CPU.Build.0 = Release|Any CPU
		{7D5A5DF7-8D84-428D-BAA0-D3ED5A575078}.Debug|Any CPU.ActiveCfg = Debug|Any CPU
		{7D5A5DF7-8D84-428D-BAA0-D3ED5A575078}.Debug|Any CPU.Build.0 = Debug|Any CPU
		{7D5A5DF7-8D84-428D-BAA0-D3ED5A575078}.Release|Any CPU.ActiveCfg = Release|Any CPU
		{7D5A5DF7-8D84-428D-BAA0-D3ED5A575078}.Release|Any CPU.Build.0 = Release|Any CPU
		{E0F3881E-FE6A-45FB-AC70-C882EC3913A9}.Debug|Any CPU.ActiveCfg = Debug|Any CPU
		{E0F3881E-FE6A-45FB-AC70-C882EC3913A9}.Debug|Any CPU.Build.0 = Debug|Any CPU
		{E0F3881E-FE6A-45FB-AC70-C882EC3913A9}.Release|Any CPU.ActiveCfg = Release|Any CPU
		{E0F3881E-FE6A-45FB-AC70-C882EC3913A9}.Release|Any CPU.Build.0 = Release|Any CPU
		{9EF2819B-7FBE-41AD-9C4F-1D9285E9E3CB}.Debug|Any CPU.ActiveCfg = Debug|Any CPU
		{9EF2819B-7FBE-41AD-9C4F-1D9285E9E3CB}.Debug|Any CPU.Build.0 = Debug|Any CPU
		{9EF2819B-7FBE-41AD-9C4F-1D9285E9E3CB}.Release|Any CPU.ActiveCfg = Release|Any CPU
		{9EF2819B-7FBE-41AD-9C4F-1D9285E9E3CB}.Release|Any CPU.Build.0 = Release|Any CPU
		{ED3B3748-D022-4FB4-9F26-55C7464188DA}.Debug|Any CPU.ActiveCfg = Debug|Any CPU
		{ED3B3748-D022-4FB4-9F26-55C7464188DA}.Debug|Any CPU.Build.0 = Debug|Any CPU
		{ED3B3748-D022-4FB4-9F26-55C7464188DA}.Release|Any CPU.ActiveCfg = Release|Any CPU
		{ED3B3748-D022-4FB4-9F26-55C7464188DA}.Release|Any CPU.Build.0 = Release|Any CPU
		{970AE748-99AC-49E3-B63B-63D9F96CB8AB}.Debug|Any CPU.ActiveCfg = Debug|Any CPU
		{970AE748-99AC-49E3-B63B-63D9F96CB8AB}.Debug|Any CPU.Build.0 = Debug|Any CPU
		{970AE748-99AC-49E3-B63B-63D9F96CB8AB}.Release|Any CPU.ActiveCfg = Release|Any CPU
		{970AE748-99AC-49E3-B63B-63D9F96CB8AB}.Release|Any CPU.Build.0 = Release|Any CPU
		{0705E5CF-A8E8-4276-AA51-16ACE227AE1C}.Debug|Any CPU.ActiveCfg = Debug|Any CPU
		{0705E5CF-A8E8-4276-AA51-16ACE227AE1C}.Debug|Any CPU.Build.0 = Debug|Any CPU
		{0705E5CF-A8E8-4276-AA51-16ACE227AE1C}.Release|Any CPU.ActiveCfg = Release|Any CPU
		{0705E5CF-A8E8-4276-AA51-16ACE227AE1C}.Release|Any CPU.Build.0 = Release|Any CPU
		{E397D117-0BCA-49C3-8359-4C4D38ACB0EC}.Debug|Any CPU.ActiveCfg = Debug|Any CPU
		{E397D117-0BCA-49C3-8359-4C4D38ACB0EC}.Debug|Any CPU.Build.0 = Debug|Any CPU
		{E397D117-0BCA-49C3-8359-4C4D38ACB0EC}.Release|Any CPU.ActiveCfg = Release|Any CPU
		{E397D117-0BCA-49C3-8359-4C4D38ACB0EC}.Release|Any CPU.Build.0 = Release|Any CPU
	EndGlobalSection
	GlobalSection(SolutionProperties) = preSolution
		HideSolutionNode = FALSE
	EndGlobalSection
	GlobalSection(NestedProjects) = preSolution
		{4594DF09-E627-41F5-A84C-92173D60231B} = {8CBA86D8-3F96-45B4-B0F3-5F2DB8541C39}
		{1B6F1925-CFBB-4DC6-BDB5-D997BE33CF23} = {8CBA86D8-3F96-45B4-B0F3-5F2DB8541C39}
		{FD6C4204-3AF7-4D93-BEAD-719512FDCBEA} = {34EC1EBE-E256-484A-AB57-FD23C0BFBCD6}
		{407C93E8-5FB7-4D78-B76C-BFD14DD19922} = {34EC1EBE-E256-484A-AB57-FD23C0BFBCD6}
		{34EC1EBE-E256-484A-AB57-FD23C0BFBCD6} = {7AE0CB18-357B-4646-908A-DC6F3E529CBE}
		{E72ABA81-75AC-49CC-BD90-E4DE25A3E6C2} = {7AE0CB18-357B-4646-908A-DC6F3E529CBE}
		{2D34E99F-C4AF-4B51-AD88-CD315E28D88C} = {E72ABA81-75AC-49CC-BD90-E4DE25A3E6C2}
		{3BA41F57-E516-4706-9B78-86D31CD653B8} = {E72ABA81-75AC-49CC-BD90-E4DE25A3E6C2}
		{1F262764-9806-497D-B1EB-D9B4F418C291} = {92811CEA-1BB2-46C8-8513-FD446C57DAF7}
		{72D0FC9E-2A06-47D7-BB3C-B581B10D892C} = {92811CEA-1BB2-46C8-8513-FD446C57DAF7}
		{7D5A5DF7-8D84-428D-BAA0-D3ED5A575078} = {B681A56A-7DD2-4F5A-A206-E8BBB49A1E38}
		{E0F3881E-FE6A-45FB-AC70-C882EC3913A9} = {B681A56A-7DD2-4F5A-A206-E8BBB49A1E38}
		{F91ED9EB-4827-46ED-986D-41F30681EACC} = {7AE0CB18-357B-4646-908A-DC6F3E529CBE}
		{9EF2819B-7FBE-41AD-9C4F-1D9285E9E3CB} = {F91ED9EB-4827-46ED-986D-41F30681EACC}
		{ED3B3748-D022-4FB4-9F26-55C7464188DA} = {4FA7DE48-D16F-4ABD-B919-11C5638F26E4}
		{970AE748-99AC-49E3-B63B-63D9F96CB8AB} = {4FA7DE48-D16F-4ABD-B919-11C5638F26E4}
		{0705E5CF-A8E8-4276-AA51-16ACE227AE1C} = {12F8488C-D344-4C56-9869-AC035401696E}
		{E397D117-0BCA-49C3-8359-4C4D38ACB0EC} = {12F8488C-D344-4C56-9869-AC035401696E}
	EndGlobalSection
EndGlobal
