
Microsoft Visual Studio Solution File, Format Version 12.00
# Visual Studio 14
VisualStudioVersion = 14.0.25420.1
MinimumVisualStudioVersion = 10.0.40219.1
Project("{2150E333-8FDC-42A3-9474-1A3956D46DE8}") = "Excercise1", "Excercise1", "{8CBA86D8-3F96-45B4-B0F3-5F2DB8541C39}"
EndProject
Project("{FAE04EC0-301F-11D3-BF4B-00C04F79EFBC}") = "ValidationEngine", "ValidationEngine\ValidationEngine.csproj", "{4594DF09-E627-41F5-A84C-92173D60231B}"
EndProject
Project("{FAE04EC0-301F-11D3-BF4B-00C04F79EFBC}") = "ValidationEngineTests", "ValidationEngineTests\ValidationEngineTests.csproj", "{1B6F1925-CFBB-4DC6-BDB5-D997BE33CF23}"
EndProject
Project("{2150E333-8FDC-42A3-9474-1A3956D46DE8}") = "Labs", "Labs", "{7AE0CB18-357B-4646-908A-DC6F3E529CBE}"
EndProject
Project("{FAE04EC0-301F-11D3-BF4B-00C04F79EFBC}") = "Bank", "Bank\Bank.csproj", "{FD6C4204-3AF7-4D93-BEAD-719512FDCBEA}"
EndProject
Project("{FAE04EC0-301F-11D3-BF4B-00C04F79EFBC}") = "Bank.Tests", "Bank.Tests\Bank.Tests.csproj", "{407C93E8-5FB7-4D78-B76C-BFD14DD19922}"
EndProject
Project("{2150E333-8FDC-42A3-9474-1A3956D46DE8}") = "Day1", "Day1", "{34EC1EBE-E256-484A-AB57-FD23C0BFBCD6}"
EndProject
Project("{2150E333-8FDC-42A3-9474-1A3956D46DE8}") = "Day2", "Day2", "{E72ABA81-75AC-49CC-BD90-E4DE25A3E6C2}"
EndProject
Project("{FAE04EC0-301F-11D3-BF4B-00C04F79EFBC}") = "EmployeeRegistry", "EmployeeRegistry\EmployeeRegistry.csproj", "{2D34E99F-C4AF-4B51-AD88-CD315E28D88C}"
EndProject
Project("{FAE04EC0-301F-11D3-BF4B-00C04F79EFBC}") = "EmployeeRegistry.Tests", "EmployeeRegistry.Tests\EmployeeRegistry.Tests.csproj", "{3BA41F57-E516-4706-9B78-86D31CD653B8}"
EndProject
Project("{2150E333-8FDC-42A3-9474-1A3956D46DE8}") = "Excercise2", "Excercise2", "{92811CEA-1BB2-46C8-8513-FD446C57DAF7}"
EndProject
Project("{FAE04EC0-301F-11D3-BF4B-00C04F79EFBC}") = "TravelAgency", "TravelAgency\TravelAgency.csproj", "{1F262764-9806-497D-B1EB-D9B4F418C291}"
EndProject
Project("{FAE04EC0-301F-11D3-BF4B-00C04F79EFBC}") = "TravelAgency.Tests", "TravelAgency.Tests\TravelAgency.Tests.csproj", "{72D0FC9E-2A06-47D7-BB3C-B581B10D892C}"
EndProject
Global
	GlobalSection(SolutionConfigurationPlatforms) = preSolution
		Debug|Any CPU = Debug|Any CPU
		Release|Any CPU = Release|Any CPU
	EndGlobalSection
	GlobalSection(ProjectConfigurationPlatforms) = postSolution
		{4594DF09-E627-41F5-A84C-92173D60231B}.Debug|Any CPU.ActiveCfg = Debug|Any CPU
		{4594DF09-E627-41F5-A84C-92173D60231B}.Debug|Any CPU.Build.0 = Debug|Any CPU
		{4594DF09-E627-41F5-A84C-92173D60231B}.Release|Any CPU.ActiveCfg = Release|Any CPU
		{4594DF09-E627-41F5-A84C-92173D60231B}.Release|Any CPU.Build.0 = Release|Any CPU
		{1B6F1925-CFBB-4DC6-BDB5-D997BE33CF23}.Debug|Any CPU.ActiveCfg = Debug|Any CPU
		{1B6F1925-CFBB-4DC6-BDB5-D997BE33CF23}.Debug|Any CPU.Build.0 = Debug|Any CPU
		{1B6F1925-CFBB-4DC6-BDB5-D997BE33CF23}.Release|Any CPU.ActiveCfg = Release|Any CPU
		{1B6F1925-CFBB-4DC6-BDB5-D997BE33CF23}.Release|Any CPU.Build.0 = Release|Any CPU
		{FD6C4204-3AF7-4D93-BEAD-719512FDCBEA}.Debug|Any CPU.ActiveCfg = Debug|Any CPU
		{FD6C4204-3AF7-4D93-BEAD-719512FDCBEA}.Debug|Any CPU.Build.0 = Debug|Any CPU
		{FD6C4204-3AF7-4D93-BEAD-719512FDCBEA}.Release|Any CPU.ActiveCfg = Release|Any CPU
		{FD6C4204-3AF7-4D93-BEAD-719512FDCBEA}.Release|Any CPU.Build.0 = Release|Any CPU
		{407C93E8-5FB7-4D78-B76C-BFD14DD19922}.Debug|Any CPU.ActiveCfg = Debug|Any CPU
		{407C93E8-5FB7-4D78-B76C-BFD14DD19922}.Debug|Any CPU.Build.0 = Debug|Any CPU
		{407C93E8-5FB7-4D78-B76C-BFD14DD19922}.Release|Any CPU.ActiveCfg = Release|Any CPU
		{407C93E8-5FB7-4D78-B76C-BFD14DD19922}.Release|Any CPU.Build.0 = Release|Any CPU
		{2D34E99F-C4AF-4B51-AD88-CD315E28D88C}.Debug|Any CPU.ActiveCfg = Debug|Any CPU
		{2D34E99F-C4AF-4B51-AD88-CD315E28D88C}.Debug|Any CPU.Build.0 = Debug|Any CPU
		{2D34E99F-C4AF-4B51-AD88-CD315E28D88C}.Release|Any CPU.ActiveCfg = Release|Any CPU
		{2D34E99F-C4AF-4B51-AD88-CD315E28D88C}.Release|Any CPU.Build.0 = Release|Any CPU
		{3BA41F57-E516-4706-9B78-86D31CD653B8}.Debug|Any CPU.ActiveCfg = Debug|Any CPU
		{3BA41F57-E516-4706-9B78-86D31CD653B8}.Debug|Any CPU.Build.0 = Debug|Any CPU
		{3BA41F57-E516-4706-9B78-86D31CD653B8}.Release|Any CPU.ActiveCfg = Release|Any CPU
		{3BA41F57-E516-4706-9B78-86D31CD653B8}.Release|Any CPU.Build.0 = Release|Any CPU
		{1F262764-9806-497D-B1EB-D9B4F418C291}.Debug|Any CPU.ActiveCfg = Debug|Any CPU
		{1F262764-9806-497D-B1EB-D9B4F418C291}.Debug|Any CPU.Build.0 = Debug|Any CPU
		{1F262764-9806-497D-B1EB-D9B4F418C291}.Release|Any CPU.ActiveCfg = Release|Any CPU
		{1F262764-9806-497D-B1EB-D9B4F418C291}.Release|Any CPU.Build.0 = Release|Any CPU
		{72D0FC9E-2A06-47D7-BB3C-B581B10D892C}.Debug|Any CPU.ActiveCfg = Debug|Any CPU
		{72D0FC9E-2A06-47D7-BB3C-B581B10D892C}.Debug|Any CPU.Build.0 = Debug|Any CPU
		{72D0FC9E-2A06-47D7-BB3C-B581B10D892C}.Release|Any CPU.ActiveCfg = Release|Any CPU
		{72D0FC9E-2A06-47D7-BB3C-B581B10D892C}.Release|Any CPU.Build.0 = Release|Any CPU
	EndGlobalSection
	GlobalSection(SolutionProperties) = preSolution
		HideSolutionNode = FALSE
	EndGlobalSection
	GlobalSection(NestedProjects) = preSolution
		{4594DF09-E627-41F5-A84C-92173D60231B} = {8CBA86D8-3F96-45B4-B0F3-5F2DB8541C39}
		{1B6F1925-CFBB-4DC6-BDB5-D997BE33CF23} = {8CBA86D8-3F96-45B4-B0F3-5F2DB8541C39}
		{FD6C4204-3AF7-4D93-BEAD-719512FDCBEA} = {34EC1EBE-E256-484A-AB57-FD23C0BFBCD6}
		{407C93E8-5FB7-4D78-B76C-BFD14DD19922} = {34EC1EBE-E256-484A-AB57-FD23C0BFBCD6}
		{34EC1EBE-E256-484A-AB57-FD23C0BFBCD6} = {7AE0CB18-357B-4646-908A-DC6F3E529CBE}
		{E72ABA81-75AC-49CC-BD90-E4DE25A3E6C2} = {7AE0CB18-357B-4646-908A-DC6F3E529CBE}
		{2D34E99F-C4AF-4B51-AD88-CD315E28D88C} = {E72ABA81-75AC-49CC-BD90-E4DE25A3E6C2}
		{3BA41F57-E516-4706-9B78-86D31CD653B8} = {E72ABA81-75AC-49CC-BD90-E4DE25A3E6C2}
		{1F262764-9806-497D-B1EB-D9B4F418C291} = {92811CEA-1BB2-46C8-8513-FD446C57DAF7}
		{72D0FC9E-2A06-47D7-BB3C-B581B10D892C} = {92811CEA-1BB2-46C8-8513-FD446C57DAF7}
	EndGlobalSection
EndGlobal
